
Microsoft Visual Studio Solution File, Format Version 12.00
# Visual Studio Version 16
VisualStudioVersion = 16.0.30907.101
MinimumVisualStudioVersion = 10.0.40219.1
Project("{FAE04EC0-301F-11D3-BF4B-00C04F79EFBC}") = "cShare", "cShare.csproj", "{0E523500-6AB2-452A-9D34-BA2AEB5A0A08}"
EndProject
Global
	GlobalSection(SolutionConfigurationPlatforms) = preSolution
		Debug|Any CPU = Debug|Any CPU
		Release|Any CPU = Release|Any CPU
	EndGlobalSection
	GlobalSection(ProjectConfigurationPlatforms) = postSolution
		{0E523500-6AB2-452A-9D34-BA2AEB5A0A08}.Debug|Any CPU.ActiveCfg = Debug|Any CPU
		{0E523500-6AB2-452A-9D34-BA2AEB5A0A08}.Debug|Any CPU.Build.0 = Debug|Any CPU
		{0E523500-6AB2-452A-9D34-BA2AEB5A0A08}.Release|Any CPU.ActiveCfg = Release|Any CPU
		{0E523500-6AB2-452A-9D34-BA2AEB5A0A08}.Release|Any CPU.Build.0 = Release|Any CPU
	EndGlobalSection
	GlobalSection(SolutionProperties) = preSolution
		HideSolutionNode = FALSE
	EndGlobalSection
	GlobalSection(ExtensibilityGlobals) = postSolution
		SolutionGuid = {95330B3A-7376-47CC-95C9-76D3032BE920}
	EndGlobalSection
EndGlobal
